
Microsoft Visual Studio Solution File, Format Version 12.00
# Visual Studio Version 17
VisualStudioVersion = 17.10.35122.118
MinimumVisualStudioVersion = 10.0.40219.1
Project("{FAE04EC0-301F-11D3-BF4B-00C04F79EFBC}") = "LatihanGithub", "LatihanGithub\LatihanGithub.csproj", "{80ECB57F-EC84-43D5-9A12-B03872EC9526}"
EndProject
Global
	GlobalSection(SolutionConfigurationPlatforms) = preSolution
		Debug|Any CPU = Debug|Any CPU
		Release|Any CPU = Release|Any CPU
	EndGlobalSection
	GlobalSection(ProjectConfigurationPlatforms) = postSolution
		{80ECB57F-EC84-43D5-9A12-B03872EC9526}.Debug|Any CPU.ActiveCfg = Debug|Any CPU
		{80ECB57F-EC84-43D5-9A12-B03872EC9526}.Debug|Any CPU.Build.0 = Debug|Any CPU
		{80ECB57F-EC84-43D5-9A12-B03872EC9526}.Release|Any CPU.ActiveCfg = Release|Any CPU
		{80ECB57F-EC84-43D5-9A12-B03872EC9526}.Release|Any CPU.Build.0 = Release|Any CPU
	EndGlobalSection
	GlobalSection(SolutionProperties) = preSolution
		HideSolutionNode = FALSE
	EndGlobalSection
	GlobalSection(ExtensibilityGlobals) = postSolution
		SolutionGuid = {D1862C58-B361-4D54-8B1E-B1AFB6BF94B4}
	EndGlobalSection
EndGlobal
